
Microsoft Visual Studio Solution File, Format Version 12.00
# Visual Studio Version 17
VisualStudioVersion = 17.13.35931.197 d17.13
MinimumVisualStudioVersion = 10.0.40219.1
Project("{FAE04EC0-301F-11D3-BF4B-00C04F79EFBC}") = "250507_meni", "250507_meni.csproj", "{112C7BA5-849D-4ECD-A11C-4A79B7B3263A}"
EndProject
Global
	GlobalSection(SolutionConfigurationPlatforms) = preSolution
		Debug|Any CPU = Debug|Any CPU
		Release|Any CPU = Release|Any CPU
	EndGlobalSection
	GlobalSection(ProjectConfigurationPlatforms) = postSolution
		{112C7BA5-849D-4ECD-A11C-4A79B7B3263A}.Debug|Any CPU.ActiveCfg = Debug|Any CPU
		{112C7BA5-849D-4ECD-A11C-4A79B7B3263A}.Debug|Any CPU.Build.0 = Debug|Any CPU
		{112C7BA5-849D-4ECD-A11C-4A79B7B3263A}.Release|Any CPU.ActiveCfg = Release|Any CPU
		{112C7BA5-849D-4ECD-A11C-4A79B7B3263A}.Release|Any CPU.Build.0 = Release|Any CPU
	EndGlobalSection
	GlobalSection(SolutionProperties) = preSolution
		HideSolutionNode = FALSE
	EndGlobalSection
	GlobalSection(ExtensibilityGlobals) = postSolution
		SolutionGuid = {2F0BF4F9-F583-4DE3-98B0-BA1D7E4223B3}
	EndGlobalSection
EndGlobal
