
Microsoft Visual Studio Solution File, Format Version 12.00
# Visual Studio Version 17
VisualStudioVersion = 17.13.35931.197 d17.13
MinimumVisualStudioVersion = 10.0.40219.1
Project("{FAE04EC0-301F-11D3-BF4B-00C04F79EFBC}") = "250508_원그리기", "250508_원그리기.csproj", "{A906D5C0-F92C-4AB3-93CC-4A9FA4A579D2}"
EndProject
Global
	GlobalSection(SolutionConfigurationPlatforms) = preSolution
		Debug|Any CPU = Debug|Any CPU
		Release|Any CPU = Release|Any CPU
	EndGlobalSection
	GlobalSection(ProjectConfigurationPlatforms) = postSolution
		{A906D5C0-F92C-4AB3-93CC-4A9FA4A579D2}.Debug|Any CPU.ActiveCfg = Debug|Any CPU
		{A906D5C0-F92C-4AB3-93CC-4A9FA4A579D2}.Debug|Any CPU.Build.0 = Debug|Any CPU
		{A906D5C0-F92C-4AB3-93CC-4A9FA4A579D2}.Release|Any CPU.ActiveCfg = Release|Any CPU
		{A906D5C0-F92C-4AB3-93CC-4A9FA4A579D2}.Release|Any CPU.Build.0 = Release|Any CPU
	EndGlobalSection
	GlobalSection(SolutionProperties) = preSolution
		HideSolutionNode = FALSE
	EndGlobalSection
	GlobalSection(ExtensibilityGlobals) = postSolution
		SolutionGuid = {36C8C285-E5C9-4C60-9F8F-FF0B6F0AAAF2}
	EndGlobalSection
EndGlobal
