
Microsoft Visual Studio Solution File, Format Version 12.00
# Visual Studio Version 17
VisualStudioVersion = 17.13.35931.197 d17.13
MinimumVisualStudioVersion = 10.0.40219.1
Project("{FAE04EC0-301F-11D3-BF4B-00C04F79EFBC}") = "조건문", "조건문.csproj", "{977E4D21-1A23-4F56-8F94-44C950AD8D3C}"
EndProject
Global
	GlobalSection(SolutionConfigurationPlatforms) = preSolution
		Debug|Any CPU = Debug|Any CPU
		Release|Any CPU = Release|Any CPU
	EndGlobalSection
	GlobalSection(ProjectConfigurationPlatforms) = postSolution
		{977E4D21-1A23-4F56-8F94-44C950AD8D3C}.Debug|Any CPU.ActiveCfg = Debug|Any CPU
		{977E4D21-1A23-4F56-8F94-44C950AD8D3C}.Debug|Any CPU.Build.0 = Debug|Any CPU
		{977E4D21-1A23-4F56-8F94-44C950AD8D3C}.Release|Any CPU.ActiveCfg = Release|Any CPU
		{977E4D21-1A23-4F56-8F94-44C950AD8D3C}.Release|Any CPU.Build.0 = Release|Any CPU
	EndGlobalSection
	GlobalSection(SolutionProperties) = preSolution
		HideSolutionNode = FALSE
	EndGlobalSection
	GlobalSection(ExtensibilityGlobals) = postSolution
		SolutionGuid = {E5BEDFC2-FAE0-4471-B12C-65601815C21D}
	EndGlobalSection
EndGlobal
