
Microsoft Visual Studio Solution File, Format Version 12.00
# Visual Studio Version 17
VisualStudioVersion = 17.13.35931.197 d17.13
MinimumVisualStudioVersion = 10.0.40219.1
Project("{FAE04EC0-301F-11D3-BF4B-00C04F79EFBC}") = "250507_MessageAlarm", "250507_MessageAlarm.csproj", "{5E61DFA4-C051-4E60-8DEA-A283C10B8C0F}"
EndProject
Global
	GlobalSection(SolutionConfigurationPlatforms) = preSolution
		Debug|Any CPU = Debug|Any CPU
		Release|Any CPU = Release|Any CPU
	EndGlobalSection
	GlobalSection(ProjectConfigurationPlatforms) = postSolution
		{5E61DFA4-C051-4E60-8DEA-A283C10B8C0F}.Debug|Any CPU.ActiveCfg = Debug|Any CPU
		{5E61DFA4-C051-4E60-8DEA-A283C10B8C0F}.Debug|Any CPU.Build.0 = Debug|Any CPU
		{5E61DFA4-C051-4E60-8DEA-A283C10B8C0F}.Release|Any CPU.ActiveCfg = Release|Any CPU
		{5E61DFA4-C051-4E60-8DEA-A283C10B8C0F}.Release|Any CPU.Build.0 = Release|Any CPU
	EndGlobalSection
	GlobalSection(SolutionProperties) = preSolution
		HideSolutionNode = FALSE
	EndGlobalSection
	GlobalSection(ExtensibilityGlobals) = postSolution
		SolutionGuid = {A09B0239-B986-479B-9006-B7E8B88032BA}
	EndGlobalSection
EndGlobal
