
Microsoft Visual Studio Solution File, Format Version 12.00
# Visual Studio Version 17
VisualStudioVersion = 17.13.35931.197 d17.13
MinimumVisualStudioVersion = 10.0.40219.1
Project("{FAE04EC0-301F-11D3-BF4B-00C04F79EFBC}") = "FirstClass", "FirstClass.csproj", "{116863B3-FF5E-4041-AC1E-ABB94E8EDF78}"
EndProject
Global
	GlobalSection(SolutionConfigurationPlatforms) = preSolution
		Debug|Any CPU = Debug|Any CPU
		Release|Any CPU = Release|Any CPU
	EndGlobalSection
	GlobalSection(ProjectConfigurationPlatforms) = postSolution
		{116863B3-FF5E-4041-AC1E-ABB94E8EDF78}.Debug|Any CPU.ActiveCfg = Debug|Any CPU
		{116863B3-FF5E-4041-AC1E-ABB94E8EDF78}.Debug|Any CPU.Build.0 = Debug|Any CPU
		{116863B3-FF5E-4041-AC1E-ABB94E8EDF78}.Release|Any CPU.ActiveCfg = Release|Any CPU
		{116863B3-FF5E-4041-AC1E-ABB94E8EDF78}.Release|Any CPU.Build.0 = Release|Any CPU
	EndGlobalSection
	GlobalSection(SolutionProperties) = preSolution
		HideSolutionNode = FALSE
	EndGlobalSection
	GlobalSection(ExtensibilityGlobals) = postSolution
		SolutionGuid = {2C3843DF-9274-402A-81E8-7961CF31FB2A}
	EndGlobalSection
EndGlobal
