
Microsoft Visual Studio Solution File, Format Version 12.00
# Visual Studio Version 17
VisualStudioVersion = 17.13.35931.197 d17.13
MinimumVisualStudioVersion = 10.0.40219.1
Project("{FAE04EC0-301F-11D3-BF4B-00C04F79EFBC}") = "250507_공통대화상자", "250507_공통대화상자.csproj", "{C24F88F1-74A3-4021-A8A2-C75B34949DC9}"
EndProject
Global
	GlobalSection(SolutionConfigurationPlatforms) = preSolution
		Debug|Any CPU = Debug|Any CPU
		Release|Any CPU = Release|Any CPU
	EndGlobalSection
	GlobalSection(ProjectConfigurationPlatforms) = postSolution
		{C24F88F1-74A3-4021-A8A2-C75B34949DC9}.Debug|Any CPU.ActiveCfg = Debug|Any CPU
		{C24F88F1-74A3-4021-A8A2-C75B34949DC9}.Debug|Any CPU.Build.0 = Debug|Any CPU
		{C24F88F1-74A3-4021-A8A2-C75B34949DC9}.Release|Any CPU.ActiveCfg = Release|Any CPU
		{C24F88F1-74A3-4021-A8A2-C75B34949DC9}.Release|Any CPU.Build.0 = Release|Any CPU
	EndGlobalSection
	GlobalSection(SolutionProperties) = preSolution
		HideSolutionNode = FALSE
	EndGlobalSection
	GlobalSection(ExtensibilityGlobals) = postSolution
		SolutionGuid = {47A8CDBF-CE3A-4CE9-8E87-D0BB6921F79C}
	EndGlobalSection
EndGlobal
